// !$*UTF8*$!
{
	archiveVersion = 1;
	classes = {
	};
	objectVersion = 56;
	objects = {

/* Begin PBXBuildFile section */
		D904C91E2C4E81F500A47C12 /* MapViewController.swift in Sources */ = {isa = PBXBuildFile; fileRef = D904C91D2C4E81F500A47C12 /* MapViewController.swift */; };
		D904C9202C4E96A800A47C12 /* ReviewViewController.swift in Sources */ = {isa = PBXBuildFile; fileRef = D904C91F2C4E96A800A47C12 /* ReviewViewController.swift */; };
		D904C9222C4EE7F800A47C12 /* RoundedTextField.swift in Sources */ = {isa = PBXBuildFile; fileRef = D904C9212C4EE7F800A47C12 /* RoundedTextField.swift */; };
		D904C9242C4EEAF700A47C12 /* NewRestaurantController.swift in Sources */ = {isa = PBXBuildFile; fileRef = D904C9232C4EEAF700A47C12 /* NewRestaurantController.swift */; };
		D904C9282C4FDE4800A47C12 /* WalkthroughContentViewController.swift in Sources */ = {isa = PBXBuildFile; fileRef = D904C9272C4FDE4800A47C12 /* WalkthroughContentViewController.swift */; };
		D904C92A2C4FE0F900A47C12 /* WalkthroughPageViewController.swift in Sources */ = {isa = PBXBuildFile; fileRef = D904C9292C4FE0F900A47C12 /* WalkthroughPageViewController.swift */; };
		D904C92C2C4FE5CD00A47C12 /* WalkthroughViewController.swift in Sources */ = {isa = PBXBuildFile; fileRef = D904C92B2C4FE5CD00A47C12 /* WalkthroughViewController.swift */; };
		D904C92F2C5001F500A47C12 /* About.storyboard in Resources */ = {isa = PBXBuildFile; fileRef = D904C92D2C5001F500A47C12 /* About.storyboard */; };
		D904C9322C50023700A47C12 /* Discover.storyboard in Resources */ = {isa = PBXBuildFile; fileRef = D904C9302C50023700A47C12 /* Discover.storyboard */; };
		D904C9342C500B3D00A47C12 /* AboutTableViewController.swift in Sources */ = {isa = PBXBuildFile; fileRef = D904C9332C500B3D00A47C12 /* AboutTableViewController.swift */; };
		D904C9362C5015C800A47C12 /* WebViewController.swift in Sources */ = {isa = PBXBuildFile; fileRef = D904C9352C5015C800A47C12 /* WebViewController.swift */; };
		D904C9382C50FDE400A47C12 /* DiscoverTableViewController.swift in Sources */ = {isa = PBXBuildFile; fileRef = D904C9372C50FDE400A47C12 /* DiscoverTableViewController.swift */; };
		D904C93A2C514EE500A47C12 /* DiscoverTableViewCell.swift in Sources */ = {isa = PBXBuildFile; fileRef = D904C9392C514EE500A47C12 /* DiscoverTableViewCell.swift */; };
		D904C9402C51633900A47C12 /* Localizable.xcstrings in Resources */ = {isa = PBXBuildFile; fileRef = D904C93F2C51633900A47C12 /* Localizable.xcstrings */; };
		D904C9432C5169C100A47C12 /* Onboarding.storyboard in Resources */ = {isa = PBXBuildFile; fileRef = D904C9422C5169C100A47C12 /* Onboarding.storyboard */; };
		D904C9482C516F0900A47C12 /* Main.storyboard in Resources */ = {isa = PBXBuildFile; fileRef = D9A4E8FC2C490AAA001DBDD3 /* Main.storyboard */; };
		D9466EBC2C4BB82C0020883A /* RestaurantDetailTextCell.swift in Sources */ = {isa = PBXBuildFile; fileRef = D9466EBB2C4BB82C0020883A /* RestaurantDetailTextCell.swift */; };
		D9466EBE2C4BBAA70020883A /* RestaurantDetailTwoColumnCell.swift in Sources */ = {isa = PBXBuildFile; fileRef = D9466EBD2C4BBAA70020883A /* RestaurantDetailTwoColumnCell.swift */; };
		D9466EC42C4E6DE80020883A /* RestaurantDetailMapCell.swift in Sources */ = {isa = PBXBuildFile; fileRef = D9466EC32C4E6DE80020883A /* RestaurantDetailMapCell.swift */; };
		D9A4E8F72C490AA9001DBDD3 /* AppDelegate.swift in Sources */ = {isa = PBXBuildFile; fileRef = D9A4E8F62C490AA9001DBDD3 /* AppDelegate.swift */; };
		D9A4E8F92C490AA9001DBDD3 /* SceneDelegate.swift in Sources */ = {isa = PBXBuildFile; fileRef = D9A4E8F82C490AA9001DBDD3 /* SceneDelegate.swift */; };
		D9A4E8FE2C490AAA001DBDD3 /* Base in Resources */ = {isa = PBXBuildFile; fileRef = D9A4E8FD2C490AAA001DBDD3 /* Base */; };
		D9A4E9002C490AAB001DBDD3 /* Assets.xcassets in Resources */ = {isa = PBXBuildFile; fileRef = D9A4E8FF2C490AAB001DBDD3 /* Assets.xcassets */; };
		D9A4E9032C490AAB001DBDD3 /* Base in Resources */ = {isa = PBXBuildFile; fileRef = D9A4E9022C490AAB001DBDD3 /* Base */; };
		D9A4E90B2C490B04001DBDD3 /* RestaurantTableViewController.swift in Sources */ = {isa = PBXBuildFile; fileRef = D9A4E90A2C490B04001DBDD3 /* RestaurantTableViewController.swift */; };
		D9A4E90D2C490B1F001DBDD3 /* RestaurantTableViewCell.swift in Sources */ = {isa = PBXBuildFile; fileRef = D9A4E90C2C490B1F001DBDD3 /* RestaurantTableViewCell.swift */; };
		D9A4E90F2C490B2C001DBDD3 /* Restaurant.swift in Sources */ = {isa = PBXBuildFile; fileRef = D9A4E90E2C490B2C001DBDD3 /* Restaurant.swift */; };
		D9A4E9152C492AEE001DBDD3 /* RestaurantDiffableDataSource.swift in Sources */ = {isa = PBXBuildFile; fileRef = D9A4E9142C492AEE001DBDD3 /* RestaurantDiffableDataSource.swift */; };
		D9A4E9172C494EBC001DBDD3 /* RestaurantDetailViewController.swift in Sources */ = {isa = PBXBuildFile; fileRef = D9A4E9162C494EBC001DBDD3 /* RestaurantDetailViewController.swift */; };
		D9A4E91B2C495BC7001DBDD3 /* Nunito-Bold.ttf in Resources */ = {isa = PBXBuildFile; fileRef = D9A4E91A2C495BC7001DBDD3 /* Nunito-Bold.ttf */; };
		D9A4E91D2C495BE4001DBDD3 /* Nunito-Regular.ttf in Resources */ = {isa = PBXBuildFile; fileRef = D9A4E91C2C495BE4001DBDD3 /* Nunito-Regular.ttf */; };
		D9A4E91F2C496146001DBDD3 /* RestaurantDetailHeaderView.swift in Sources */ = {isa = PBXBuildFile; fileRef = D9A4E91E2C496146001DBDD3 /* RestaurantDetailHeaderView.swift */; };
/* End PBXBuildFile section */

/* Begin PBXFileReference section */
		D904C91D2C4E81F500A47C12 /* MapViewController.swift */ = {isa = PBXFileReference; lastKnownFileType = sourcecode.swift; path = MapViewController.swift; sourceTree = "<group>"; };
		D904C91F2C4E96A800A47C12 /* ReviewViewController.swift */ = {isa = PBXFileReference; lastKnownFileType = sourcecode.swift; path = ReviewViewController.swift; sourceTree = "<group>"; };
		D904C9212C4EE7F800A47C12 /* RoundedTextField.swift */ = {isa = PBXFileReference; lastKnownFileType = sourcecode.swift; path = RoundedTextField.swift; sourceTree = "<group>"; };
		D904C9232C4EEAF700A47C12 /* NewRestaurantController.swift */ = {isa = PBXFileReference; lastKnownFileType = sourcecode.swift; path = NewRestaurantController.swift; sourceTree = "<group>"; };
		D904C9272C4FDE4800A47C12 /* WalkthroughContentViewController.swift */ = {isa = PBXFileReference; lastKnownFileType = sourcecode.swift; path = WalkthroughContentViewController.swift; sourceTree = "<group>"; };
		D904C9292C4FE0F900A47C12 /* WalkthroughPageViewController.swift */ = {isa = PBXFileReference; lastKnownFileType = sourcecode.swift; path = WalkthroughPageViewController.swift; sourceTree = "<group>"; };
		D904C92B2C4FE5CD00A47C12 /* WalkthroughViewController.swift */ = {isa = PBXFileReference; lastKnownFileType = sourcecode.swift; path = WalkthroughViewController.swift; sourceTree = "<group>"; };
		D904C92E2C5001F500A47C12 /* Base */ = {isa = PBXFileReference; lastKnownFileType = file.storyboard; name = Base; path = Base.lproj/About.storyboard; sourceTree = "<group>"; };
		D904C9312C50023700A47C12 /* Base */ = {isa = PBXFileReference; lastKnownFileType = file.storyboard; name = Base; path = Base.lproj/Discover.storyboard; sourceTree = "<group>"; };
		D904C9332C500B3D00A47C12 /* AboutTableViewController.swift */ = {isa = PBXFileReference; lastKnownFileType = sourcecode.swift; path = AboutTableViewController.swift; sourceTree = "<group>"; };
		D904C9352C5015C800A47C12 /* WebViewController.swift */ = {isa = PBXFileReference; lastKnownFileType = sourcecode.swift; path = WebViewController.swift; sourceTree = "<group>"; };
		D904C9372C50FDE400A47C12 /* DiscoverTableViewController.swift */ = {isa = PBXFileReference; lastKnownFileType = sourcecode.swift; path = DiscoverTableViewController.swift; sourceTree = "<group>"; };
		D904C9392C514EE500A47C12 /* DiscoverTableViewCell.swift */ = {isa = PBXFileReference; lastKnownFileType = sourcecode.swift; path = DiscoverTableViewCell.swift; sourceTree = "<group>"; };
		D904C93B2C5162C100A47C12 /* ru */ = {isa = PBXFileReference; lastKnownFileType = text.plist.strings; name = ru; path = ru.lproj/Discover.strings; sourceTree = "<group>"; };
		D904C93C2C5162C100A47C12 /* ru */ = {isa = PBXFileReference; lastKnownFileType = text.plist.strings; name = ru; path = ru.lproj/About.strings; sourceTree = "<group>"; };
		D904C93D2C5162C100A47C12 /* ru */ = {isa = PBXFileReference; lastKnownFileType = text.plist.strings; name = ru; path = ru.lproj/Main.strings; sourceTree = "<group>"; };
		D904C93E2C5162C100A47C12 /* ru */ = {isa = PBXFileReference; lastKnownFileType = text.plist.strings; name = ru; path = ru.lproj/LaunchScreen.strings; sourceTree = "<group>"; };
		D904C93F2C51633900A47C12 /* Localizable.xcstrings */ = {isa = PBXFileReference; lastKnownFileType = text.json.xcstrings; path = Localizable.xcstrings; sourceTree = "<group>"; };
		D904C9462C516A1F00A47C12 /* Base */ = {isa = PBXFileReference; lastKnownFileType = file.storyboard; name = Base; path = Base.lproj/Onboarding.storyboard; sourceTree = "<group>"; };
		D904C9472C516A2B00A47C12 /* ru */ = {isa = PBXFileReference; lastKnownFileType = text.plist.strings; name = ru; path = ru.lproj/Onboarding.strings; sourceTree = "<group>"; };
		D9466EBB2C4BB82C0020883A /* RestaurantDetailTextCell.swift */ = {isa = PBXFileReference; lastKnownFileType = sourcecode.swift; path = RestaurantDetailTextCell.swift; sourceTree = "<group>"; };
		D9466EBD2C4BBAA70020883A /* RestaurantDetailTwoColumnCell.swift */ = {isa = PBXFileReference; lastKnownFileType = sourcecode.swift; path = RestaurantDetailTwoColumnCell.swift; sourceTree = "<group>"; };
		D9466EC32C4E6DE80020883A /* RestaurantDetailMapCell.swift */ = {isa = PBXFileReference; lastKnownFileType = sourcecode.swift; path = RestaurantDetailMapCell.swift; sourceTree = "<group>"; };
		D9A4E8F32C490AA9001DBDD3 /* Food Pin.app */ = {isa = PBXFileReference; explicitFileType = wrapper.application; includeInIndex = 0; path = "Food Pin.app"; sourceTree = BUILT_PRODUCTS_DIR; };
		D9A4E8F62C490AA9001DBDD3 /* AppDelegate.swift */ = {isa = PBXFileReference; lastKnownFileType = sourcecode.swift; path = AppDelegate.swift; sourceTree = "<group>"; };
		D9A4E8F82C490AA9001DBDD3 /* SceneDelegate.swift */ = {isa = PBXFileReference; lastKnownFileType = sourcecode.swift; path = SceneDelegate.swift; sourceTree = "<group>"; };
		D9A4E8FD2C490AAA001DBDD3 /* Base */ = {isa = PBXFileReference; lastKnownFileType = file.storyboard; name = Base; path = Base.lproj/Main.storyboard; sourceTree = "<group>"; };
		D9A4E8FF2C490AAB001DBDD3 /* Assets.xcassets */ = {isa = PBXFileReference; lastKnownFileType = folder.assetcatalog; path = Assets.xcassets; sourceTree = "<group>"; };
		D9A4E9022C490AAB001DBDD3 /* Base */ = {isa = PBXFileReference; lastKnownFileType = file.storyboard; name = Base; path = Base.lproj/LaunchScreen.storyboard; sourceTree = "<group>"; };
		D9A4E9042C490AAB001DBDD3 /* Info.plist */ = {isa = PBXFileReference; lastKnownFileType = text.plist.xml; path = Info.plist; sourceTree = "<group>"; };
		D9A4E90A2C490B04001DBDD3 /* RestaurantTableViewController.swift */ = {isa = PBXFileReference; lastKnownFileType = sourcecode.swift; path = RestaurantTableViewController.swift; sourceTree = "<group>"; };
		D9A4E90C2C490B1F001DBDD3 /* RestaurantTableViewCell.swift */ = {isa = PBXFileReference; lastKnownFileType = sourcecode.swift; path = RestaurantTableViewCell.swift; sourceTree = "<group>"; };
		D9A4E90E2C490B2C001DBDD3 /* Restaurant.swift */ = {isa = PBXFileReference; lastKnownFileType = sourcecode.swift; path = Restaurant.swift; sourceTree = "<group>"; };
		D9A4E9142C492AEE001DBDD3 /* RestaurantDiffableDataSource.swift */ = {isa = PBXFileReference; lastKnownFileType = sourcecode.swift; path = RestaurantDiffableDataSource.swift; sourceTree = "<group>"; };
		D9A4E9162C494EBC001DBDD3 /* RestaurantDetailViewController.swift */ = {isa = PBXFileReference; lastKnownFileType = sourcecode.swift; path = RestaurantDetailViewController.swift; sourceTree = "<group>"; };
		D9A4E91A2C495BC7001DBDD3 /* Nunito-Bold.ttf */ = {isa = PBXFileReference; lastKnownFileType = file; path = "Nunito-Bold.ttf"; sourceTree = "<group>"; };
		D9A4E91C2C495BE4001DBDD3 /* Nunito-Regular.ttf */ = {isa = PBXFileReference; lastKnownFileType = file; path = "Nunito-Regular.ttf"; sourceTree = "<group>"; };
		D9A4E91E2C496146001DBDD3 /* RestaurantDetailHeaderView.swift */ = {isa = PBXFileReference; lastKnownFileType = sourcecode.swift; path = RestaurantDetailHeaderView.swift; sourceTree = "<group>"; };
/* End PBXFileReference section */

/* Begin PBXFrameworksBuildPhase section */
		D9A4E8F02C490AA9001DBDD3 /* Frameworks */ = {
			isa = PBXFrameworksBuildPhase;
			buildActionMask = 2147483647;
			files = (
			);
			runOnlyForDeploymentPostprocessing = 0;
		};
/* End PBXFrameworksBuildPhase section */

/* Begin PBXGroup section */
		D9466EC22C4E6DB50020883A /* Cell */ = {
			isa = PBXGroup;
			children = (
				D9466EBD2C4BBAA70020883A /* RestaurantDetailTwoColumnCell.swift */,
				D9466EBB2C4BB82C0020883A /* RestaurantDetailTextCell.swift */,
				D9A4E90C2C490B1F001DBDD3 /* RestaurantTableViewCell.swift */,
				D9466EC32C4E6DE80020883A /* RestaurantDetailMapCell.swift */,
				D904C9392C514EE500A47C12 /* DiscoverTableViewCell.swift */,
			);
			path = Cell;
			sourceTree = "<group>";
		};
		D9A4E8EA2C490AA9001DBDD3 = {
			isa = PBXGroup;
			children = (
				D9A4E8F52C490AA9001DBDD3 /* Food Pin */,
				D9A4E8F42C490AA9001DBDD3 /* Products */,
			);
			sourceTree = "<group>";
		};
		D9A4E8F42C490AA9001DBDD3 /* Products */ = {
			isa = PBXGroup;
			children = (
				D9A4E8F32C490AA9001DBDD3 /* Food Pin.app */,
			);
			name = Products;
			sourceTree = "<group>";
		};
		D9A4E8F52C490AA9001DBDD3 /* Food Pin */ = {
			isa = PBXGroup;
			children = (
				D9A4E9182C495B8C001DBDD3 /* Resources */,
				D9A4E9102C490B55001DBDD3 /* Storyboard */,
				D9A4E9112C490B63001DBDD3 /* Model */,
				D9A4E9122C490B6B001DBDD3 /* View */,
				D9A4E9132C490B7A001DBDD3 /* Controller */,
				D9A4E8F62C490AA9001DBDD3 /* AppDelegate.swift */,
				D9A4E8F82C490AA9001DBDD3 /* SceneDelegate.swift */,
				D9A4E8FF2C490AAB001DBDD3 /* Assets.xcassets */,
				D9A4E9042C490AAB001DBDD3 /* Info.plist */,
				D904C93F2C51633900A47C12 /* Localizable.xcstrings */,
			);
			path = "Food Pin";
			sourceTree = "<group>";
		};
		D9A4E9102C490B55001DBDD3 /* Storyboard */ = {
			isa = PBXGroup;
			children = (
				D904C9302C50023700A47C12 /* Discover.storyboard */,
				D904C92D2C5001F500A47C12 /* About.storyboard */,
				D9A4E8FC2C490AAA001DBDD3 /* Main.storyboard */,
				D9A4E9012C490AAB001DBDD3 /* LaunchScreen.storyboard */,
				D904C9422C5169C100A47C12 /* Onboarding.storyboard */,
			);
			path = Storyboard;
			sourceTree = "<group>";
		};
		D9A4E9112C490B63001DBDD3 /* Model */ = {
			isa = PBXGroup;
			children = (
				D9A4E90E2C490B2C001DBDD3 /* Restaurant.swift */,
				D9A4E9142C492AEE001DBDD3 /* RestaurantDiffableDataSource.swift */,
			);
			path = Model;
			sourceTree = "<group>";
		};
		D9A4E9122C490B6B001DBDD3 /* View */ = {
			isa = PBXGroup;
			children = (
				D9466EC22C4E6DB50020883A /* Cell */,
				D9A4E91E2C496146001DBDD3 /* RestaurantDetailHeaderView.swift */,
				D904C9212C4EE7F800A47C12 /* RoundedTextField.swift */,
			);
			path = View;
			sourceTree = "<group>";
		};
		D9A4E9132C490B7A001DBDD3 /* Controller */ = {
			isa = PBXGroup;
			children = (
				D9A4E90A2C490B04001DBDD3 /* RestaurantTableViewController.swift */,
				D9A4E9162C494EBC001DBDD3 /* RestaurantDetailViewController.swift */,
				D904C91D2C4E81F500A47C12 /* MapViewController.swift */,
				D904C91F2C4E96A800A47C12 /* ReviewViewController.swift */,
				D904C9232C4EEAF700A47C12 /* NewRestaurantController.swift */,
				D904C9272C4FDE4800A47C12 /* WalkthroughContentViewController.swift */,
				D904C9292C4FE0F900A47C12 /* WalkthroughPageViewController.swift */,
				D904C92B2C4FE5CD00A47C12 /* WalkthroughViewController.swift */,
				D904C9332C500B3D00A47C12 /* AboutTableViewController.swift */,
				D904C9352C5015C800A47C12 /* WebViewController.swift */,
				D904C9372C50FDE400A47C12 /* DiscoverTableViewController.swift */,
			);
			path = Controller;
			sourceTree = "<group>";
		};
		D9A4E9182C495B8C001DBDD3 /* Resources */ = {
			isa = PBXGroup;
			children = (
				D9A4E9192C495B97001DBDD3 /* Fonts */,
			);
			path = Resources;
			sourceTree = "<group>";
		};
		D9A4E9192C495B97001DBDD3 /* Fonts */ = {
			isa = PBXGroup;
			children = (
				D9A4E91C2C495BE4001DBDD3 /* Nunito-Regular.ttf */,
				D9A4E91A2C495BC7001DBDD3 /* Nunito-Bold.ttf */,
			);
			path = Fonts;
			sourceTree = "<group>";
		};
/* End PBXGroup section */

/* Begin PBXNativeTarget section */
		D9A4E8F22C490AA9001DBDD3 /* Food Pin */ = {
			isa = PBXNativeTarget;
			buildConfigurationList = D9A4E9072C490AAB001DBDD3 /* Build configuration list for PBXNativeTarget "Food Pin" */;
			buildPhases = (
				D9A4E8EF2C490AA9001DBDD3 /* Sources */,
				D9A4E8F02C490AA9001DBDD3 /* Frameworks */,
				D9A4E8F12C490AA9001DBDD3 /* Resources */,
			);
			buildRules = (
			);
			dependencies = (
			);
			name = "Food Pin";
			productName = "Food Pin";
			productReference = D9A4E8F32C490AA9001DBDD3 /* Food Pin.app */;
			productType = "com.apple.product-type.application";
		};
/* End PBXNativeTarget section */

/* Begin PBXProject section */
		D9A4E8EB2C490AA9001DBDD3 /* Project object */ = {
			isa = PBXProject;
			attributes = {
				BuildIndependentTargetsInParallel = 1;
				LastSwiftUpdateCheck = 1540;
				LastUpgradeCheck = 1540;
				TargetAttributes = {
					D9A4E8F22C490AA9001DBDD3 = {
						CreatedOnToolsVersion = 15.4;
					};
				};
			};
			buildConfigurationList = D9A4E8EE2C490AA9001DBDD3 /* Build configuration list for PBXProject "Food Pin" */;
			compatibilityVersion = "Xcode 14.0";
			developmentRegion = en;
			hasScannedForEncodings = 0;
			knownRegions = (
				en,
				Base,
				ru,
			);
			mainGroup = D9A4E8EA2C490AA9001DBDD3;
			productRefGroup = D9A4E8F42C490AA9001DBDD3 /* Products */;
			projectDirPath = "";
			projectRoot = "";
			targets = (
				D9A4E8F22C490AA9001DBDD3 /* Food Pin */,
			);
		};
/* End PBXProject section */

/* Begin PBXResourcesBuildPhase section */
		D9A4E8F12C490AA9001DBDD3 /* Resources */ = {
			isa = PBXResourcesBuildPhase;
			buildActionMask = 2147483647;
			files = (
				D9A4E91D2C495BE4001DBDD3 /* Nunito-Regular.ttf in Resources */,
				D904C9482C516F0900A47C12 /* Main.storyboard in Resources */,
				D904C9322C50023700A47C12 /* Discover.storyboard in Resources */,
				D904C92F2C5001F500A47C12 /* About.storyboard in Resources */,
				D9A4E9002C490AAB001DBDD3 /* Assets.xcassets in Resources */,
				D9A4E9032C490AAB001DBDD3 /* Base in Resources */,
				D904C9432C5169C100A47C12 /* Onboarding.storyboard in Resources */,
				D9A4E91B2C495BC7001DBDD3 /* Nunito-Bold.ttf in Resources */,
				D9A4E8FE2C490AAA001DBDD3 /* Base in Resources */,
				D904C9402C51633900A47C12 /* Localizable.xcstrings in Resources */,
			);
			runOnlyForDeploymentPostprocessing = 0;
		};
/* End PBXResourcesBuildPhase section */

/* Begin PBXSourcesBuildPhase section */
		D9A4E8EF2C490AA9001DBDD3 /* Sources */ = {
			isa = PBXSourcesBuildPhase;
			buildActionMask = 2147483647;
			files = (
				D9466EC42C4E6DE80020883A /* RestaurantDetailMapCell.swift in Sources */,
				D9A4E90F2C490B2C001DBDD3 /* Restaurant.swift in Sources */,
				D904C9282C4FDE4800A47C12 /* WalkthroughContentViewController.swift in Sources */,
				D904C9362C5015C800A47C12 /* WebViewController.swift in Sources */,
				D904C9202C4E96A800A47C12 /* ReviewViewController.swift in Sources */,
				D904C92C2C4FE5CD00A47C12 /* WalkthroughViewController.swift in Sources */,
				D9466EBC2C4BB82C0020883A /* RestaurantDetailTextCell.swift in Sources */,
				D904C9382C50FDE400A47C12 /* DiscoverTableViewController.swift in Sources */,
				D9A4E90D2C490B1F001DBDD3 /* RestaurantTableViewCell.swift in Sources */,
				D9A4E8F72C490AA9001DBDD3 /* AppDelegate.swift in Sources */,
				D9466EBE2C4BBAA70020883A /* RestaurantDetailTwoColumnCell.swift in Sources */,
				D9A4E8F92C490AA9001DBDD3 /* SceneDelegate.swift in Sources */,
				D904C9342C500B3D00A47C12 /* AboutTableViewController.swift in Sources */,
				D904C92A2C4FE0F900A47C12 /* WalkthroughPageViewController.swift in Sources */,
				D904C91E2C4E81F500A47C12 /* MapViewController.swift in Sources */,
				D9A4E9152C492AEE001DBDD3 /* RestaurantDiffableDataSource.swift in Sources */,
				D904C9242C4EEAF700A47C12 /* NewRestaurantController.swift in Sources */,
				D9A4E9172C494EBC001DBDD3 /* RestaurantDetailViewController.swift in Sources */,
				D904C93A2C514EE500A47C12 /* DiscoverTableViewCell.swift in Sources */,
				D904C9222C4EE7F800A47C12 /* RoundedTextField.swift in Sources */,
				D9A4E91F2C496146001DBDD3 /* RestaurantDetailHeaderView.swift in Sources */,
				D9A4E90B2C490B04001DBDD3 /* RestaurantTableViewController.swift in Sources */,
			);
			runOnlyForDeploymentPostprocessing = 0;
		};
/* End PBXSourcesBuildPhase section */

/* Begin PBXVariantGroup section */
		D904C92D2C5001F500A47C12 /* About.storyboard */ = {
			isa = PBXVariantGroup;
			children = (
				D904C92E2C5001F500A47C12 /* Base */,
				D904C93C2C5162C100A47C12 /* ru */,
			);
			name = About.storyboard;
			sourceTree = "<group>";
		};
		D904C9302C50023700A47C12 /* Discover.storyboard */ = {
			isa = PBXVariantGroup;
			children = (
				D904C9312C50023700A47C12 /* Base */,
				D904C93B2C5162C100A47C12 /* ru */,
			);
			name = Discover.storyboard;
			sourceTree = "<group>";
		};
		D904C9422C5169C100A47C12 /* Onboarding.storyboard */ = {
			isa = PBXVariantGroup;
			children = (
				D904C9462C516A1F00A47C12 /* Base */,
				D904C9472C516A2B00A47C12 /* ru */,
			);
			name = Onboarding.storyboard;
			sourceTree = "<group>";
		};
		D9A4E8FC2C490AAA001DBDD3 /* Main.storyboard */ = {
			isa = PBXVariantGroup;
			children = (
				D9A4E8FD2C490AAA001DBDD3 /* Base */,
				D904C93D2C5162C100A47C12 /* ru */,
			);
			name = Main.storyboard;
			sourceTree = "<group>";
		};
		D9A4E9012C490AAB001DBDD3 /* LaunchScreen.storyboard */ = {
			isa = PBXVariantGroup;
			children = (
				D9A4E9022C490AAB001DBDD3 /* Base */,
				D904C93E2C5162C100A47C12 /* ru */,
			);
			name = LaunchScreen.storyboard;
			sourceTree = "<group>";
		};
/* End PBXVariantGroup section */

/* Begin XCBuildConfiguration section */
		D9A4E9052C490AAB001DBDD3 /* Debug */ = {
			isa = XCBuildConfiguration;
			buildSettings = {
				ALWAYS_SEARCH_USER_PATHS = NO;
				ASSETCATALOG_COMPILER_GENERATE_SWIFT_ASSET_SYMBOL_EXTENSIONS = YES;
				CLANG_ANALYZER_LOCALIZABILITY_NONLOCALIZED = YES;
				CLANG_ANALYZER_NONNULL = YES;
				CLANG_ANALYZER_NUMBER_OBJECT_CONVERSION = YES_AGGRESSIVE;
				CLANG_CXX_LANGUAGE_STANDARD = "gnu++20";
				CLANG_ENABLE_MODULES = YES;
				CLANG_ENABLE_OBJC_ARC = YES;
				CLANG_ENABLE_OBJC_WEAK = YES;
				CLANG_WARN_BLOCK_CAPTURE_AUTORELEASING = YES;
				CLANG_WARN_BOOL_CONVERSION = YES;
				CLANG_WARN_COMMA = YES;
				CLANG_WARN_CONSTANT_CONVERSION = YES;
				CLANG_WARN_DEPRECATED_OBJC_IMPLEMENTATIONS = YES;
				CLANG_WARN_DIRECT_OBJC_ISA_USAGE = YES_ERROR;
				CLANG_WARN_DOCUMENTATION_COMMENTS = YES;
				CLANG_WARN_EMPTY_BODY = YES;
				CLANG_WARN_ENUM_CONVERSION = YES;
				CLANG_WARN_INFINITE_RECURSION = YES;
				CLANG_WARN_INT_CONVERSION = YES;
				CLANG_WARN_NON_LITERAL_NULL_CONVERSION = YES;
				CLANG_WARN_OBJC_IMPLICIT_RETAIN_SELF = YES;
				CLANG_WARN_OBJC_LITERAL_CONVERSION = YES;
				CLANG_WARN_OBJC_ROOT_CLASS = YES_ERROR;
				CLANG_WARN_QUOTED_INCLUDE_IN_FRAMEWORK_HEADER = YES;
				CLANG_WARN_RANGE_LOOP_ANALYSIS = YES;
				CLANG_WARN_STRICT_PROTOTYPES = YES;
				CLANG_WARN_SUSPICIOUS_MOVE = YES;
				CLANG_WARN_UNGUARDED_AVAILABILITY = YES_AGGRESSIVE;
				CLANG_WARN_UNREACHABLE_CODE = YES;
				CLANG_WARN__DUPLICATE_METHOD_MATCH = YES;
				COPY_PHASE_STRIP = NO;
				DEBUG_INFORMATION_FORMAT = dwarf;
				ENABLE_STRICT_OBJC_MSGSEND = YES;
				ENABLE_TESTABILITY = YES;
				ENABLE_USER_SCRIPT_SANDBOXING = YES;
				GCC_C_LANGUAGE_STANDARD = gnu17;
				GCC_DYNAMIC_NO_PIC = NO;
				GCC_NO_COMMON_BLOCKS = YES;
				GCC_OPTIMIZATION_LEVEL = 0;
				GCC_PREPROCESSOR_DEFINITIONS = (
					"DEBUG=1",
					"$(inherited)",
				);
				GCC_WARN_64_TO_32_BIT_CONVERSION = YES;
				GCC_WARN_ABOUT_RETURN_TYPE = YES_ERROR;
				GCC_WARN_UNDECLARED_SELECTOR = YES;
				GCC_WARN_UNINITIALIZED_AUTOS = YES_AGGRESSIVE;
				GCC_WARN_UNUSED_FUNCTION = YES;
				GCC_WARN_UNUSED_VARIABLE = YES;
				IPHONEOS_DEPLOYMENT_TARGET = 17.5;
				LOCALIZATION_PREFERS_STRING_CATALOGS = YES;
				MTL_ENABLE_DEBUG_INFO = INCLUDE_SOURCE;
				MTL_FAST_MATH = YES;
				ONLY_ACTIVE_ARCH = YES;
				SDKROOT = iphoneos;
				SWIFT_ACTIVE_COMPILATION_CONDITIONS = "DEBUG $(inherited)";
				SWIFT_OPTIMIZATION_LEVEL = "-Onone";
			};
			name = Debug;
		};
		D9A4E9062C490AAB001DBDD3 /* Release */ = {
			isa = XCBuildConfiguration;
			buildSettings = {
				ALWAYS_SEARCH_USER_PATHS = NO;
				ASSETCATALOG_COMPILER_GENERATE_SWIFT_ASSET_SYMBOL_EXTENSIONS = YES;
				CLANG_ANALYZER_LOCALIZABILITY_NONLOCALIZED = YES;
				CLANG_ANALYZER_NONNULL = YES;
				CLANG_ANALYZER_NUMBER_OBJECT_CONVERSION = YES_AGGRESSIVE;
				CLANG_CXX_LANGUAGE_STANDARD = "gnu++20";
				CLANG_ENABLE_MODULES = YES;
				CLANG_ENABLE_OBJC_ARC = YES;
				CLANG_ENABLE_OBJC_WEAK = YES;
				CLANG_WARN_BLOCK_CAPTURE_AUTORELEASING = YES;
				CLANG_WARN_BOOL_CONVERSION = YES;
				CLANG_WARN_COMMA = YES;
				CLANG_WARN_CONSTANT_CONVERSION = YES;
				CLANG_WARN_DEPRECATED_OBJC_IMPLEMENTATIONS = YES;
				CLANG_WARN_DIRECT_OBJC_ISA_USAGE = YES_ERROR;
				CLANG_WARN_DOCUMENTATION_COMMENTS = YES;
				CLANG_WARN_EMPTY_BODY = YES;
				CLANG_WARN_ENUM_CONVERSION = YES;
				CLANG_WARN_INFINITE_RECURSION = YES;
				CLANG_WARN_INT_CONVERSION = YES;
				CLANG_WARN_NON_LITERAL_NULL_CONVERSION = YES;
				CLANG_WARN_OBJC_IMPLICIT_RETAIN_SELF = YES;
				CLANG_WARN_OBJC_LITERAL_CONVERSION = YES;
				CLANG_WARN_OBJC_ROOT_CLASS = YES_ERROR;
				CLANG_WARN_QUOTED_INCLUDE_IN_FRAMEWORK_HEADER = YES;
				CLANG_WARN_RANGE_LOOP_ANALYSIS = YES;
				CLANG_WARN_STRICT_PROTOTYPES = YES;
				CLANG_WARN_SUSPICIOUS_MOVE = YES;
				CLANG_WARN_UNGUARDED_AVAILABILITY = YES_AGGRESSIVE;
				CLANG_WARN_UNREACHABLE_CODE = YES;
				CLANG_WARN__DUPLICATE_METHOD_MATCH = YES;
				COPY_PHASE_STRIP = NO;
				DEBUG_INFORMATION_FORMAT = "dwarf-with-dsym";
				ENABLE_NS_ASSERTIONS = NO;
				ENABLE_STRICT_OBJC_MSGSEND = YES;
				ENABLE_USER_SCRIPT_SANDBOXING = YES;
				GCC_C_LANGUAGE_STANDARD = gnu17;
				GCC_NO_COMMON_BLOCKS = YES;
				GCC_WARN_64_TO_32_BIT_CONVERSION = YES;
				GCC_WARN_ABOUT_RETURN_TYPE = YES_ERROR;
				GCC_WARN_UNDECLARED_SELECTOR = YES;
				GCC_WARN_UNINITIALIZED_AUTOS = YES_AGGRESSIVE;
				GCC_WARN_UNUSED_FUNCTION = YES;
				GCC_WARN_UNUSED_VARIABLE = YES;
				IPHONEOS_DEPLOYMENT_TARGET = 17.5;
				LOCALIZATION_PREFERS_STRING_CATALOGS = YES;
				MTL_ENABLE_DEBUG_INFO = NO;
				MTL_FAST_MATH = YES;
				SDKROOT = iphoneos;
				SWIFT_COMPILATION_MODE = wholemodule;
				VALIDATE_PRODUCT = YES;
			};
			name = Release;
		};
		D9A4E9082C490AAB001DBDD3 /* Debug */ = {
			isa = XCBuildConfiguration;
			buildSettings = {
				ASSETCATALOG_COMPILER_APPICON_NAME = AppIcon;
				ASSETCATALOG_COMPILER_GLOBAL_ACCENT_COLOR_NAME = AccentColor;
				CODE_SIGN_STYLE = Automatic;
				CURRENT_PROJECT_VERSION = 1;
				DEVELOPMENT_TEAM = 6MB3AH698D;
				GENERATE_INFOPLIST_FILE = YES;
				INFOPLIST_FILE = "Food Pin/Info.plist";
				INFOPLIST_KEY_CFBundleDisplayName = FoodPin;
				INFOPLIST_KEY_NSCameraUsageDescription = "You need to grant the app access to your camera in order to take photos.";
				INFOPLIST_KEY_NSPhotoLibraryUsageDescription = "You need to grant the app access to your photo library so you can pickyour favorite restaurant photo.";
				INFOPLIST_KEY_UIApplicationSupportsIndirectInputEvents = YES;
				INFOPLIST_KEY_UILaunchStoryboardName = LaunchScreen;
				INFOPLIST_KEY_UIMainStoryboardFile = Main;
				INFOPLIST_KEY_UISupportedInterfaceOrientations = UIInterfaceOrientationPortrait;
				INFOPLIST_KEY_UISupportedInterfaceOrientations_iPad = "UIInterfaceOrientationLandscapeLeft UIInterfaceOrientationLandscapeRight UIInterfaceOrientationPortrait UIInterfaceOrientationPortraitUpsideDown";
				LD_RUNPATH_SEARCH_PATHS = (
					"$(inherited)",
					"@executable_path/Frameworks",
				);
				MARKETING_VERSION = 1.0;
				PRODUCT_BUNDLE_IDENTIFIER = "my.Food-Pin";
				PRODUCT_NAME = "$(TARGET_NAME)";
				SWIFT_EMIT_LOC_STRINGS = YES;
				SWIFT_VERSION = 5.0;
				TARGETED_DEVICE_FAMILY = "1,2";
			};
			name = Debug;
		};
		D9A4E9092C490AAB001DBDD3 /* Release */ = {
			isa = XCBuildConfiguration;
			buildSettings = {
				ASSETCATALOG_COMPILER_APPICON_NAME = AppIcon;
				ASSETCATALOG_COMPILER_GLOBAL_ACCENT_COLOR_NAME = AccentColor;
				CODE_SIGN_STYLE = Automatic;
				CURRENT_PROJECT_VERSION = 1;
				DEVELOPMENT_TEAM = 6MB3AH698D;
				GENERATE_INFOPLIST_FILE = YES;
				INFOPLIST_FILE = "Food Pin/Info.plist";
				INFOPLIST_KEY_CFBundleDisplayName = FoodPin;
				INFOPLIST_KEY_NSCameraUsageDescription = "You need to grant the app access to your camera in order to take photos.";
				INFOPLIST_KEY_NSPhotoLibraryUsageDescription = "You need to grant the app access to your photo library so you can pickyour favorite restaurant photo.";
				INFOPLIST_KEY_UIApplicationSupportsIndirectInputEvents = YES;
				INFOPLIST_KEY_UILaunchStoryboardName = LaunchScreen;
				INFOPLIST_KEY_UIMainStoryboardFile = Main;
				INFOPLIST_KEY_UISupportedInterfaceOrientations = UIInterfaceOrientationPortrait;
				INFOPLIST_KEY_UISupportedInterfaceOrientations_iPad = "UIInterfaceOrientationLandscapeLeft UIInterfaceOrientationLandscapeRight UIInterfaceOrientationPortrait UIInterfaceOrientationPortraitUpsideDown";
				LD_RUNPATH_SEARCH_PATHS = (
					"$(inherited)",
					"@executable_path/Frameworks",
				);
				MARKETING_VERSION = 1.0;
				PRODUCT_BUNDLE_IDENTIFIER = "my.Food-Pin";
				PRODUCT_NAME = "$(TARGET_NAME)";
				SWIFT_EMIT_LOC_STRINGS = YES;
				SWIFT_VERSION = 5.0;
				TARGETED_DEVICE_FAMILY = "1,2";
			};
			name = Release;
		};
/* End XCBuildConfiguration section */

/* Begin XCConfigurationList section */
		D9A4E8EE2C490AA9001DBDD3 /* Build configuration list for PBXProject "Food Pin" */ = {
			isa = XCConfigurationList;
			buildConfigurations = (
				D9A4E9052C490AAB001DBDD3 /* Debug */,
				D9A4E9062C490AAB001DBDD3 /* Release */,
			);
			defaultConfigurationIsVisible = 0;
			defaultConfigurationName = Release;
		};
		D9A4E9072C490AAB001DBDD3 /* Build configuration list for PBXNativeTarget "Food Pin" */ = {
			isa = XCConfigurationList;
			buildConfigurations = (
				D9A4E9082C490AAB001DBDD3 /* Debug */,
				D9A4E9092C490AAB001DBDD3 /* Release */,
			);
			defaultConfigurationIsVisible = 0;
			defaultConfigurationName = Release;
		};
/* End XCConfigurationList section */
	};
	rootObject = D9A4E8EB2C490AA9001DBDD3 /* Project object */;
}
